github.com/BurntSushi/toml v0.3.1 h1:WXkYYl6Yr3qBf1K79EBnL4mak0OimBfB0XUf9Vl28OQ=
github.com/BurntSushi/toml v0.3.1/go.mod h1:xHWCNGjB5oqiDr8zfno3MHue2Ht5sIBksp03qcyfWMU=
github.com/Hatch1fy/cron v0.3.4 h1:f2XJe0Ga0UOVWaEnzA4suVRxHfpNxLuHBSfHr062oDA=
github.com/Hatch1fy/cron v0.3.4/go.mod h1:srziZhU5rAzVXoUSkVkzq3iZOk+u+Y7pV3nL+dXN9L4=
github.com/Hatch1fy/errors v0.3.3 h1:VgJbpt/pPVY8sPN1sRbRhYyKHg2Xgt93DY1sIPYBRHk=
github.com/Hatch1fy/errors v0.3.3/go.mod h1:SJFCeScmERvwtYMG7EU24Fe0KfXmiIs7tNlcIl0STKk=
github.com/hatchify/colors v0.3.0 h1:S3n4JBQSv3u5nZ36vM9+PJZpCyRbdYlZLjOlyE8v2as=
github.com/hatchify/colors v0.3.0/go.mod h1:t0952Ef1zDFMVTCkOwhrdJS9ToVWTdcJ3PWCHZADLuU=
github.com/hatchify/queue v0.3.0 h1:33BT5gycJQ+X4oCKK0H8BXlOnBv6ROz4mMhMlwOA1us=
github.com/hatchify/queue v0.3.0/go.mod h1:b976dT/lR/zCD+aXGI4a9t1LJZlW8ukI6BPxxih0ehY=
github.com/hatchify/scribe v0.3.1 h1:LF3BZH5TmHpz+jo13u2Cl0QefooBEtwpMTCmXTgdh+E=
github.com/hatchify/scribe v0.3.1/go.mod h1:DK3sI3cjOM1X2MVrqXHF621kCZJrm+YjbCnYGNcj50E=
github.com/vroomy/plugins v0.3.11 h1:Qu6uauxheLSJbk8/g+nMNjYnT7yJpAHelwd6Txffr8U=
github.com/vroomy/plugins v0.3.11/go.mod h1:qPPfQHZyAnsANQTx4/axHy8xt1BpdY1RnLeOwGBHnBU=
