github.com/BurntSushi/toml v0.3.1 h1:WXkYYl6Yr3qBf1K79EBnL4mak0OimBfB0XUf9Vl28OQ=
github.com/BurntSushi/toml v0.3.1/go.mod h1:xHWCNGjB5oqiDr8zfno3MHue2Ht5sIBksp03qcyfWMU=
github.com/Hatch1fy/cron v0.4.76 h1:i9MluLOkCuFNX2F8tjcr7tE4ZKhlmi93v7kIqLy2StY=
github.com/Hatch1fy/cron v0.4.76/go.mod h1:qTM34B/bZEHUopeeyEIbvRGaZ9OcI0h5JfpLfI19rrU=
github.com/Hatch1fy/errors v0.4.76 h1:At+EkToySoPJHG04Cc448R1IFadB9jef1K43/x282v4=
github.com/Hatch1fy/errors v0.4.76/go.mod h1:LPnug0nWT7I99nYl62NfYjxNMCCEx3lBV5YWIco+H0w=
github.com/hatchify/colors v0.4.76 h1:ok2RDcQKB9GYMsy/KFZXtKOihZEPsoReYQ3/Rr3BHVY=
github.com/hatchify/colors v0.4.76/go.mod h1:AG6qII7bJEBO7WL28IACU62PqoavhEqpNFhfE/5Zyfk=
github.com/hatchify/queue v0.4.76 h1:RAbjJK4ovSCqSupAEq7oBYkl+1m/+0HuQLinwiHfY/8=
github.com/hatchify/queue v0.4.76/go.mod h1:GCpUbFRlSiheEnRN6lQi4KOUtfyXpPKp9IHu2x3Jjcg=
github.com/hatchify/scribe v0.4.76 h1:CZDKPjSmZmZjITH+zhMlvKLH3nn8ZzsEF6sNqaz6RbI=
github.com/hatchify/scribe v0.4.76/go.mod h1:3YqP22ErbZzHMjbrG4jGAR6mBspBB7rT4gHNT9bHTiA=
github.com/vroomy/plugins v0.4.80 h1:in2N0U3cAaijsFuq33GB+/a1yamyd0NpyUFbRRYqW84=
github.com/vroomy/plugins v0.4.80/go.mod h1:UluMNhFXNsH/clVbRAGjZLzJTsL/PkH9FsqyMpct+Vw=
