github.com/BurntSushi/toml v0.3.1 h1:WXkYYl6Yr3qBf1K79EBnL4mak0OimBfB0XUf9Vl28OQ=
github.com/BurntSushi/toml v0.3.1/go.mod h1:xHWCNGjB5oqiDr8zfno3MHue2Ht5sIBksp03qcyfWMU=
github.com/Hatch1fy/cron v0.0.0-20181011175651-1a19f6ee1f7c h1:eVU/3USbQIHqxUYcF6rqaABEwKWBr1pVk4pEk6riBn8=
github.com/Hatch1fy/cron v0.0.0-20181011175651-1a19f6ee1f7c/go.mod h1:PiW4gMHbJSJv2+jhZSMIL1kJQTWAFuPMu3CWfQbWmho=
github.com/Hatch1fy/errors v0.0.0-20190124213112-81fd84668c75 h1:mdor7h+/JzGqDJXZESUD4B4FxwN85whEUrN7QA4Czk8=
github.com/Hatch1fy/errors v0.0.0-20190124213112-81fd84668c75/go.mod h1:9/KQCSUklomtEqY0m9m/Ca10Y/rtOpu1x1/FVE6r8/8=
github.com/aws/aws-sdk-go v1.25.16 h1:k7Fy6T/uNuLX6zuayU/TJoP7yMgGcJSkZpF7QVjwYpA=
github.com/aws/aws-sdk-go v1.25.16/go.mod h1:KmX6BPdI08NWTb3/sm4ZGu5ShLoqVDhKgpiN924inxo=
github.com/bugsnag/bugsnag-go v1.5.3 h1:yeRUT3mUE13jL1tGwvoQsKdVbAsQx9AJ+fqahKveP04=
github.com/bugsnag/bugsnag-go v1.5.3/go.mod h1:2oa8nejYd4cQ/b0hMIopN0lCRxU0bueqREvZLWFrtK8=
github.com/bugsnag/panicwrap v1.2.0 h1:OzrKrRvXis8qEvOkfcxNcYbOd2O7xXS2nnKMEMABFQA=
github.com/bugsnag/panicwrap v1.2.0/go.mod h1:D/8v3kj0zr8ZAKg1AQ6crr+5VwKN5eIywRkfhyM/+dE=
github.com/davecgh/go-spew v1.1.1/go.mod h1:J7Y8YcW2NihsgmVo/mv3lAwl/skON4iLHjSsI+c5H38=
github.com/fatih/color v1.7.0/go.mod h1:Zm6kSWBoL9eyXnKyktHP6abPY2pDugNf5KwzbycvMj4=
github.com/fatih/color v1.9.0 h1:8xPHl4/q1VyqGIPif1F+1V3Y3lSmrq01EabUW3CoW5s=
github.com/fatih/color v1.9.0/go.mod h1:eQcE1qtQxscV5RaZvpXrrb8Drkc3/DdQ+uUYCNjL+zU=
github.com/gofrs/uuid v3.2.0+incompatible h1:y12jRkkFxsd7GpqdSZ+/KCs/fJbqpEXSGd4+jfEaewE=
github.com/gofrs/uuid v3.2.0+incompatible/go.mod h1:b2aQJv3Z4Fp6yNu3cdSllBxTCLRxnplIgP/c0N/04lM=
github.com/hatchify/output v0.0.0-20191023001025-e91d8413f743/go.mod h1:eZfDXqVtrZ3QDXA1WVQUVQXrOzzDqY/0x1jxCoirFX0=
github.com/hatchify/output v0.0.0-20191219041843-6ec602c6aa7e h1:Ke2I+oPJqqi5ti0h/ldDJuEohyxd1VGPCxxUvgdT544=
github.com/hatchify/output v0.0.0-20191219041843-6ec602c6aa7e/go.mod h1:igbKuE+sg2q7HBIVs7vCWbwDdk+6lyNoE1fDkggWc7s=
github.com/hatchify/output-bugsnag v1.0.1 h1:2Hw9KvTYQnThxfoBNKmkDqvG/DhVT16pGxjnd3fAiZw=
github.com/hatchify/output-bugsnag v1.0.1/go.mod h1:6H1n0rY8LMHkJJYTSddQ/mUUDu8w7zELRZ5DzZYBsmI=
github.com/hatchify/scribe v0.0.0-20200214223301-181cd9c02a84 h1:tP4tkOg0UKXUuFqQyEnEI+P3Kf/xSJZbly5f5lt5vKA=
github.com/hatchify/scribe v0.0.0-20200214223301-181cd9c02a84/go.mod h1:9AQmTliv12WlDtFf8DoOs7P/QcWTnbhWwFH7AN+PQ1w=
github.com/jmespath/go-jmespath v0.0.0-20180206201540-c2b33e8439af h1:pmfjZENx5imkbgOkpRUYLnmbU7UEFbjtDA2hxJ1ichM=
github.com/jmespath/go-jmespath v0.0.0-20180206201540-c2b33e8439af/go.mod h1:Nht3zPeWKUH0NzdCt2Blrr5ys8VGpn0CEB0cQHVjt7k=
github.com/kardianos/osext v0.0.0-20190222173326-2bc1f35cddc0 h1:iQTw/8FWTuc7uiaSepXwyf3o52HaUYcV+Tu66S3F5GA=
github.com/kardianos/osext v0.0.0-20190222173326-2bc1f35cddc0/go.mod h1:1NbS8ALrpOvjt0rHPNLyCIeMtbizbir8U//inJ+zuB8=
github.com/konsorten/go-windows-terminal-sequences v1.0.1/go.mod h1:T0+1ngSBFLxvqU3pZ+m/2kptfBszLMUkC4ZK/EgS/cQ=
github.com/mattn/go-colorable v0.1.4 h1:snbPLB8fVfU9iwbbo30TPtbLRzwWu6aJS6Xh4eaaviA=
github.com/mattn/go-colorable v0.1.4/go.mod h1:U0ppj6V5qS13XJ6of8GYAs25YV2eR4EVcfRqFIhoBtE=
github.com/mattn/go-isatty v0.0.8/go.mod h1:Iq45c/XA43vh69/j3iqttzPXn0bhXyGjM0Hdxcsrc5s=
github.com/mattn/go-isatty v0.0.10/go.mod h1:qgIWMr58cqv1PHHyhnkY9lrL7etaEgOFcMEpPG5Rm84=
github.com/mattn/go-isatty v0.0.11 h1:FxPOTFNqGkuDUGi3H/qkUbQO4ZiBa2brKq5r0l8TGeM=
github.com/mattn/go-isatty v0.0.11/go.mod h1:PhnuNfih5lzO57/f3n+odYbM4JtupLOxQOAqxQCu2WE=
github.com/oklog/ulid v1.3.1 h1:EGfNDEx6MqHz8B3uNV6QAib1UR2Lm97sHi3ocA6ESJ4=
github.com/oklog/ulid v1.3.1/go.mod h1:CirwcVhetQ6Lv90oh/F+FBtV6XMibvdAFo93nm5qn4U=
github.com/pkg/errors v0.8.1/go.mod h1:bwawxfHBFNV+L2hUp1rHADufV3IMtnDRdf1r5NINEl0=
github.com/pmezard/go-difflib v1.0.0/go.mod h1:iKH77koFhYxTK1pcRnkKkqfTogsbg7gZNVY4sRDYZ/4=
github.com/sirupsen/logrus v1.4.2 h1:SPIRibHv4MatM3XXNO2BJeFLZwZ2LvZgfQ5+UNI2im4=
github.com/sirupsen/logrus v1.4.2/go.mod h1:tLMulIdttU9McNUspp0xgXVQah82FyeX6MwdIuYE2rE=
github.com/stretchr/objx v0.1.1/go.mod h1:HFkY916IF+rwdDfMAkV7OtwuqBVzrE8GR6GFx+wExME=
github.com/stretchr/testify v1.2.2/go.mod h1:a8OnRcib4nhh0OaRAV+Yts87kKdq0PP7pXfy6kDkUVs=
github.com/vroomy/plugins v0.0.0-20200214163306-73444a26e28e h1:032e7RPnDXdy9AvQBazEaODvHrcBx4K/5UgYxmVbMUU=
github.com/vroomy/plugins v0.0.0-20200214163306-73444a26e28e/go.mod h1:9ikoTx5UnnLfujROausyKqUyUWCq1+vMeXTCwoGsTlM=
github.com/xlab/closer v0.0.0-20190328110542-03326addb7c2 h1:LPYwXwwHigHHFX3SFa9W9zBIa5reyaLJos2e95eHh68=
github.com/xlab/closer v0.0.0-20190328110542-03326addb7c2/go.mod h1:Y8IYP9aVODN3Vnw1FCqygCG5IWyYBeBlZqQ5aX+fHFw=
golang.org/x/sys v0.0.0-20190222072716-a9d3bda3a223/go.mod h1:STP8DvDyc/dI5b8T5hshtkjS+E42TnysNCUPdjciGhY=
golang.org/x/sys v0.0.0-20190422165155-953cdadca894/go.mod h1:h1NjWce9XRLGQEsW7wpKNCjG9DtNlClVuFLEZdDNbEs=
golang.org/x/sys v0.0.0-20191008105621-543471e840be/go.mod h1:h1NjWce9XRLGQEsW7wpKNCjG9DtNlClVuFLEZdDNbEs=
golang.org/x/sys v0.0.0-20191026070338-33540a1f6037 h1:YyJpGZS1sBuBCzLAR1VEpK193GlqGZbnPFnPV/5Rsb4=
golang.org/x/sys v0.0.0-20191026070338-33540a1f6037/go.mod h1:h1NjWce9XRLGQEsW7wpKNCjG9DtNlClVuFLEZdDNbEs=
